{
  "name": "npm-package-tester",
  "version": "1.0.0",
  "lockfileVersion": 2,
  "requires": true,
  "packages": {
    "": {
      "version": "1.0.0",
      "license": "ISC",
      "dependencies": {
        "node-treker": "^1.0.1"
      }
    },
    "node_modules/node-treker": {
      "version": "1.0.7",
      "resolved": "https://registry.npmjs.org/node-treker/-/node-treker-1.0.7.tgz",
      "integrity": "sha512-UHcovUfw+JosA5gw+wB9k2cvzNm0HJfeH2JwOqMpgoulV6f23qIqqJZJt49aMwXEVW8x2nojvScnR0MmB1gm0A=="
    }
  },
  "dependencies": {
    "node-treker": {
      "version": "1.0.7",
      "resolved": "https://registry.npmjs.org/node-treker/-/node-treker-1.0.7.tgz",
      "integrity": "sha512-UHcovUfw+JosA5gw+wB9k2cvzNm0HJfeH2JwOqMpgoulV6f23qIqqJZJt49aMwXEVW8x2nojvScnR0MmB1gm0A=="
    }
  }
}
