{
  "name": "npm-package-tester",
  "version": "1.0.0",
  "lockfileVersion": 2,
  "requires": true,
  "packages": {
    "": {
      "version": "1.0.0",
      "license": "ISC",
      "dependencies": {
        "node-treker": "^1.0.0"
      }
    },
    "node_modules/node-treker": {
      "version": "1.0.0",
      "resolved": "https://registry.npmjs.org/node-treker/-/node-treker-1.0.0.tgz",
      "integrity": "sha512-WS0+evFeTVqAVNneD24t8Ii0DOQ9cLtD9rQoK0rR+6+Cnr6RG/dzOdQLp4S6QdZMwlL3fP2ILPxgS1EDqKpIiA=="
    }
  },
  "dependencies": {
    "node-treker": {
      "version": "1.0.0",
      "resolved": "https://registry.npmjs.org/node-treker/-/node-treker-1.0.0.tgz",
      "integrity": "sha512-WS0+evFeTVqAVNneD24t8Ii0DOQ9cLtD9rQoK0rR+6+Cnr6RG/dzOdQLp4S6QdZMwlL3fP2ILPxgS1EDqKpIiA=="
    }
  }
}
